
Microsoft Visual Studio Solution File, Format Version 12.00
# Visual Studio 2012
Project("{8BC9CEB8-8B4A-11D0-8D11-00A0C91BC942}") = "CTPWrapper", "CTPWrapper\CTPWrapper.vcxproj", "{26E6FFD9-3FEF-414B-83E1-6C9E3B67F4A6}"
EndProject
Project("{FAE04EC0-301F-11D3-BF4B-00C04F79EFBC}") = "CTPTest", "CTPTest\CTPTest.csproj", "{4B5F9DEB-D4D6-467C-887E-FEFD3B16900D}"
EndProject
Global
	GlobalSection(SolutionConfigurationPlatforms) = preSolution
		Debug|x64 = Debug|x64
		Debug|x86 = Debug|x86
		Release|x64 = Release|x64
		Release|x86 = Release|x86
	EndGlobalSection
	GlobalSection(ProjectConfigurationPlatforms) = postSolution
		{26E6FFD9-3FEF-414B-83E1-6C9E3B67F4A6}.Debug|x64.ActiveCfg = Debug|x64
		{26E6FFD9-3FEF-414B-83E1-6C9E3B67F4A6}.Debug|x64.Build.0 = Debug|x64
		{26E6FFD9-3FEF-414B-83E1-6C9E3B67F4A6}.Debug|x86.ActiveCfg = Debug|Win32
		{26E6FFD9-3FEF-414B-83E1-6C9E3B67F4A6}.Debug|x86.Build.0 = Debug|Win32
		{26E6FFD9-3FEF-414B-83E1-6C9E3B67F4A6}.Release|x64.ActiveCfg = Release|x64
		{26E6FFD9-3FEF-414B-83E1-6C9E3B67F4A6}.Release|x64.Build.0 = Release|x64
		{26E6FFD9-3FEF-414B-83E1-6C9E3B67F4A6}.Release|x86.ActiveCfg = Release|Win32
		{26E6FFD9-3FEF-414B-83E1-6C9E3B67F4A6}.Release|x86.Build.0 = Release|Win32
		{4B5F9DEB-D4D6-467C-887E-FEFD3B16900D}.Debug|x64.ActiveCfg = Debug|x64
		{4B5F9DEB-D4D6-467C-887E-FEFD3B16900D}.Debug|x64.Build.0 = Debug|x64
		{4B5F9DEB-D4D6-467C-887E-FEFD3B16900D}.Debug|x86.ActiveCfg = Debug|x86
		{4B5F9DEB-D4D6-467C-887E-FEFD3B16900D}.Debug|x86.Build.0 = Debug|x86
		{4B5F9DEB-D4D6-467C-887E-FEFD3B16900D}.Release|x64.ActiveCfg = Release|x64
		{4B5F9DEB-D4D6-467C-887E-FEFD3B16900D}.Release|x64.Build.0 = Release|x64
		{4B5F9DEB-D4D6-467C-887E-FEFD3B16900D}.Release|x86.ActiveCfg = Release|x86
		{4B5F9DEB-D4D6-467C-887E-FEFD3B16900D}.Release|x86.Build.0 = Release|x86
	EndGlobalSection
	GlobalSection(SolutionProperties) = preSolution
		HideSolutionNode = FALSE
	EndGlobalSection
EndGlobal
