<?xml version="1.0" encoding="utf-8"?>
<Project ToolsVersion="4.0" xmlns="http://schemas.microsoft.com/developer/msbuild/2003">
  <ItemGroup>
    <Filter Include="Resource Files">
      <UniqueIdentifier>{67DA6AB6-F800-4c08-8B7A-83BB121AAD01}</UniqueIdentifier>
      <Extensions>rc;ico;cur;bmp;dlg;rc2;rct;bin;rgs;gif;jpg;jpeg;jpe;resx;tiff;tif;png;wav;mfcribbon-ms</Extensions>
    </Filter>
    <Filter Include="Market">
      <UniqueIdentifier>{6c3b8df3-a839-434b-9178-3b081284453f}</UniqueIdentifier>
    </Filter>
    <Filter Include="Misc">
      <UniqueIdentifier>{93995380-89BD-4b04-88EB-625FBE52EBFB}</UniqueIdentifier>
      <Extensions>h;hpp;hxx;hm;inl;inc;xsd</Extensions>
    </Filter>
    <Filter Include="Trade">
      <UniqueIdentifier>{4FC737F1-C7A5-4376-A066-2A32D752A2FF}</UniqueIdentifier>
      <Extensions>cpp;c;cc;cxx;def;odl;idl;hpj;bat;asm;asmx</Extensions>
    </Filter>
    <Filter Include="Util">
      <UniqueIdentifier>{5e43c902-d8c6-43cc-88d6-6d0ef4e17951}</UniqueIdentifier>
    </Filter>
  </ItemGroup>
  <ItemGroup>
    <ClInclude Include="MarketSpi.h">
      <Filter>Market</Filter>
    </ClInclude>
    <ClInclude Include="MarketApiWrapper.h">
      <Filter>Market</Filter>
    </ClInclude>
    <ClInclude Include="MarketSpiWrapper.h">
      <Filter>Market</Filter>
    </ClInclude>
    <ClInclude Include="MarketStructWrapper.h">
      <Filter>Market</Filter>
    </ClInclude>
    <ClInclude Include="Stdafx.h">
      <Filter>Misc</Filter>
    </ClInclude>
    <ClInclude Include="resource.h">
      <Filter>Misc</Filter>
    </ClInclude>
    <ClInclude Include="TradeApiWrapper.h">
      <Filter>Trade</Filter>
    </ClInclude>
    <ClInclude Include="MyUnmanagedString.h">
      <Filter>Util</Filter>
    </ClInclude>
  </ItemGroup>
  <ItemGroup>
    <ClCompile Include="TradeApiWrapper.cpp">
      <Filter>Trade</Filter>
    </ClCompile>
    <ClCompile Include="MarketApiWrapper.cpp">
      <Filter>Market</Filter>
    </ClCompile>
    <ClCompile Include="MarketSpiWrapper.cpp">
      <Filter>Market</Filter>
    </ClCompile>
    <ClCompile Include="MarketStructWrapper.cpp">
      <Filter>Market</Filter>
    </ClCompile>
    <ClCompile Include="MarketSpi.cpp">
      <Filter>Market</Filter>
    </ClCompile>
    <ClCompile Include="AssemblyInfo.cpp">
      <Filter>Misc</Filter>
    </ClCompile>
    <ClCompile Include="Stdafx.cpp">
      <Filter>Misc</Filter>
    </ClCompile>
    <ClCompile Include="MyUnmanagedString.cpp">
      <Filter>Util</Filter>
    </ClCompile>
  </ItemGroup>
  <ItemGroup>
    <ResourceCompile Include="app.rc">
      <Filter>Resource Files</Filter>
    </ResourceCompile>
  </ItemGroup>
  <ItemGroup>
    <Image Include="app.ico">
      <Filter>Resource Files</Filter>
    </Image>
  </ItemGroup>
</Project>